
Microsoft Visual Studio Solution File, Format Version 12.00
# Visual Studio Version 16
VisualStudioVersion = 16.0.33927.289
MinimumVisualStudioVersion = 10.0.40219.1
Project("{2150E333-8FDC-42A3-9474-1A3956D46DE8}") = "Task1", "Task1", "{B3665DFE-CAC4-4231-AC46-3DCD7E915230}"
EndProject
Project("{2150E333-8FDC-42A3-9474-1A3956D46DE8}") = "Task0", "Task0", "{FB8131F2-513E-4E2A-A2BF-CDFB471DA7A0}"
EndProject
Project("{8BC9CEB8-8B4A-11D0-8D11-00A0C91BC942}") = "Tyuiu.BreslavskayaIV.Sprint0.Task2.V0.Lib", "Tyuiu.BreslavskayaIV.Sprint0.Task2.V0.Lib\Tyuiu.BreslavskayaIV.Sprint0.Task2.V0.Lib.vcxproj", "{18C6A58A-F088-455B-96C4-12B497CF9FE5}"
EndProject
Project("{8BC9CEB8-8B4A-11D0-8D11-00A0C91BC942}") = "Tyuiu.BreslavskayaIV.Sprint0.Task2.V0.Test", "Tyuiu.BreslavskayaIV.Sprint0.Task2.V0.Test\Tyuiu.BreslavskayaIV.Sprint0.Task2.V0.Test.vcxproj", "{85781467-F35F-4BD5-B5E6-018BBEE7AD1A}"
EndProject
Project("{2150E333-8FDC-42A3-9474-1A3956D46DE8}") = "Task2", "Task2", "{386FE632-A1DB-429E-870F-1E88133968F4}"
EndProject
Project("{8BC9CEB8-8B4A-11D0-8D11-00A0C91BC942}") = "Tyuiu.BreslavskayaIV.Sprint0.Task2", "Tyuiu.BreslavskayaIV.Sprint0.Task2\Tyuiu.BreslavskayaIV.Sprint0.Task2.vcxproj", "{9E8360CA-CA04-4878-A96D-48690E3C9745}"
EndProject
Project("{2150E333-8FDC-42A3-9474-1A3956D46DE8}") = "Task3", "Task3", "{4E87744D-5AAE-4F20-9F21-8347B3F01098}"
EndProject
Project("{8BC9CEB8-8B4A-11D0-8D11-00A0C91BC942}") = "Tyuiu.BreslavskayaIV.Sprint0.Task3.V0", "Tyuiu.BreslavskayaIV.Sprint0.Task3.V0\Tyuiu.BreslavskayaIV.Sprint0.Task3.V0.vcxproj", "{4C66D50A-B92C-417C-8343-79CD6579C92A}"
EndProject
Project("{8BC9CEB8-8B4A-11D0-8D11-00A0C91BC942}") = "Tyuiu.BreslavskayaIV.Sprint0.Task3.V0.Lib", "Tyuiu.BreslavskayaIV.Sprint0.Task3.Lib\Tyuiu.BreslavskayaIV.Sprint0.Task3.Lib.vcxproj", "{8C343813-D9B8-4496-A1C9-75F17BEEBC51}"
EndProject
Project("{8BC9CEB8-8B4A-11D0-8D11-00A0C91BC942}") = "Tyuiu.BreslavskayaIV.Sprint0.Task3.V0.Test", "Tyuiu.BreslavskayaIV.Sprint0.Task3.Test\Tyuiu.BreslavskayaIV.Sprint0.Task3.Test.vcxproj", "{9D0612A6-CCFE-4909-8E2E-DB8F31B9CAC1}"
EndProject
Project("{2150E333-8FDC-42A3-9474-1A3956D46DE8}") = "Task4", "Task4", "{5481D4CD-1570-4371-9EDF-964069937B46}"
EndProject
Project("{2150E333-8FDC-42A3-9474-1A3956D46DE8}") = "Task5", "Task5", "{B11CCDCF-6A3B-433B-B101-5715BE54D7AE}"
EndProject
Project("{2150E333-8FDC-42A3-9474-1A3956D46DE8}") = "Task6", "Task6", "{EA0DB00D-4668-48D5-A7EA-8C9F95E3C43A}"
EndProject
Project("{2150E333-8FDC-42A3-9474-1A3956D46DE8}") = "Task7", "Task7", "{5C254CE6-D593-4430-961A-939DEE03ED63}"
EndProject
Project("{8BC9CEB8-8B4A-11D0-8D11-00A0C91BC942}") = "Tyuiu.BreslavskayaIV.Sprint0.Task4.V4", "Tyuiu.BreslavskayaIV.Sprint0.Task4.V4\Tyuiu.BreslavskayaIV.Sprint0.Task4.V4.vcxproj", "{56361F93-E122-44AD-83A2-4F3963B62E3E}"
EndProject
Project("{8BC9CEB8-8B4A-11D0-8D11-00A0C91BC942}") = "Tyuiu.BreslavskayaIV.Sprint0.Task4.V4.Test", "Tyuiu.BreslavskayaIV.Sprint0.Task4.V4.Test\Tyuiu.BreslavskayaIV.Sprint0.Task4.V4.Test.vcxproj", "{6CFC89C5-35D2-493A-AFB5-5BF823B2CDD1}"
EndProject
Project("{8BC9CEB8-8B4A-11D0-8D11-00A0C91BC942}") = "Tyuiu.BreslavskayaIV.Sprint0.Task4.V4.Lib", "Tyuiu.BreslavskayaIV.Sprint0.Task4.V4.Lib\Tyuiu.BreslavskayaIV.Sprint0.Task4.V4.Lib.vcxproj", "{597FDDFE-62BE-4FCA-B091-3783B5272F8D}"
EndProject
Project("{8BC9CEB8-8B4A-11D0-8D11-00A0C91BC942}") = "Tyuiu.BreslavskayaIV.Sprint0.Task5.V4", "Tyuiu.BreslavskayaIV.Sprint0.Task5.V4\Tyuiu.BreslavskayaIV.Sprint0.Task5.V4.vcxproj", "{FB1FE280-D920-4856-80C3-7038339B9486}"
EndProject
Project("{8BC9CEB8-8B4A-11D0-8D11-00A0C91BC942}") = "Tyuiu.BreslavskayaIV.Sprint0.Task5.V4.Lib", "Tyuiu.BreslavskayaIV.Sprint0.Task5.V4.Lib\Tyuiu.BreslavskayaIV.Sprint0.Task5.V4.Lib.vcxproj", "{E4E0E3B2-CA21-4B2C-AAD3-AB2860492B5C}"
EndProject
Project("{8BC9CEB8-8B4A-11D0-8D11-00A0C91BC942}") = "Tyuiu.BreslavskayaIV.Sprint0.Task5.V4.Test", "Tyuiu.BreslavskayaIV.Sprint0.Task5.V4.Test\Tyuiu.BreslavskayaIV.Sprint0.Task5.V4.Test.vcxproj", "{1111E936-F692-4EBD-BADB-F51C75ECF3C7}"
EndProject
Project("{8BC9CEB8-8B4A-11D0-8D11-00A0C91BC942}") = "Tyuiu.BreslavskayaIV.Sprint0.Task6.V4.Test", "Tyuiu.BreslavskayaIV.Sprint0.Task6.V4.Test\Tyuiu.BreslavskayaIV.Sprint0.Task6.V4.Test.vcxproj", "{C1EF7E5F-B5E1-48EF-83BB-F1FA571821E6}"
EndProject
Project("{8BC9CEB8-8B4A-11D0-8D11-00A0C91BC942}") = "Tyuiu.BreslavskayaIV.Sprint0.Task6.V4.Lib", "Tyuiu.BreslavskayaIV.Sprint0.Task6.V4.Lib\Tyuiu.BreslavskayaIV.Sprint0.Task6.V4.Lib.vcxproj", "{FE596D41-18FE-4C7B-8EE7-B87476A6EACB}"
EndProject
Project("{8BC9CEB8-8B4A-11D0-8D11-00A0C91BC942}") = "Tyuiu.BreslavskayaIV.Sprint0.Task6.V4", "Tyuiu.BreslavskayaIV.Sprint0.Task6.V4\Tyuiu.BreslavskayaIV.Sprint0.Task6.V4.vcxproj", "{8A9DF256-7E03-42A0-B0FE-B7DA1833625D}"
EndProject
Project("{8BC9CEB8-8B4A-11D0-8D11-00A0C91BC942}") = "Tyuiu.BreslavskayaIV.Sprint0.Task7.V4", "Tyuiu.BreslavskayaIV.Sprint0.Task7.V4\Tyuiu.BreslavskayaIV.Sprint0.Task7.V4.vcxproj", "{75242B6B-007C-40AD-A8C5-C00FE667922C}"
EndProject
Project("{8BC9CEB8-8B4A-11D0-8D11-00A0C91BC942}") = "Tyuiu.BreslavskayaIV.Sprint0.Task7.V4.Test", "Tyuiu.BreslavskayaIV.Sprint0.Task7.V4.Test\Tyuiu.BreslavskayaIV.Sprint0.Task7.V4.Test.vcxproj", "{FFAF1234-792E-45B2-9A1E-7EDE8853702F}"
EndProject
Project("{8BC9CEB8-8B4A-11D0-8D11-00A0C91BC942}") = "Tyuiu.BreslavskayaIV.Sprint0.Task7.V4.Lib", "Tyuiu.BreslavskayaIV.Sprint0.Task7.V4.Lib\Tyuiu.BreslavskayaIV.Sprint0.Task7.V4.Lib.vcxproj", "{745206EE-D190-4C4E-9EE6-E997C116A450}"
EndProject
Project("{8BC9CEB8-8B4A-11D0-8D11-00A0C91BC942}") = "Tyuiu.BreslavskayaIV.Sprint0.Task0", "Tyuiu.BreslavskayaIV.Sprint0.Task0\Tyuiu.BreslavskayaIV.Sprint0.Task0.vcxproj", "{BF7A11A7-981E-415E-8A66-7D3D2C73ACF1}"
EndProject
Project("{8BC9CEB8-8B4A-11D0-8D11-00A0C91BC942}") = "Tyuiu.BreslavskayaIV.Sprint0.Task1", "Tyuiu.BreslavskayaIV.Sprint0.Task1\Tyuiu.BreslavskayaIV.Sprint0.Task1.vcxproj", "{34A97F0E-07B5-44C5-B1FC-17941A4FFE29}"
EndProject
Global
	GlobalSection(SolutionConfigurationPlatforms) = preSolution
		Debug|x64 = Debug|x64
		Debug|x86 = Debug|x86
		Release|x64 = Release|x64
		Release|x86 = Release|x86
	EndGlobalSection
	GlobalSection(ProjectConfigurationPlatforms) = postSolution
		{18C6A58A-F088-455B-96C4-12B497CF9FE5}.Debug|x64.ActiveCfg = Debug|x64
		{18C6A58A-F088-455B-96C4-12B497CF9FE5}.Debug|x64.Build.0 = Debug|x64
		{18C6A58A-F088-455B-96C4-12B497CF9FE5}.Debug|x86.ActiveCfg = Debug|Win32
		{18C6A58A-F088-455B-96C4-12B497CF9FE5}.Debug|x86.Build.0 = Debug|Win32
		{18C6A58A-F088-455B-96C4-12B497CF9FE5}.Release|x64.ActiveCfg = Release|x64
		{18C6A58A-F088-455B-96C4-12B497CF9FE5}.Release|x64.Build.0 = Release|x64
		{18C6A58A-F088-455B-96C4-12B497CF9FE5}.Release|x86.ActiveCfg = Release|Win32
		{18C6A58A-F088-455B-96C4-12B497CF9FE5}.Release|x86.Build.0 = Release|Win32
		{85781467-F35F-4BD5-B5E6-018BBEE7AD1A}.Debug|x64.ActiveCfg = Debug|x64
		{85781467-F35F-4BD5-B5E6-018BBEE7AD1A}.Debug|x64.Build.0 = Debug|x64
		{85781467-F35F-4BD5-B5E6-018BBEE7AD1A}.Debug|x86.ActiveCfg = Debug|Win32
		{85781467-F35F-4BD5-B5E6-018BBEE7AD1A}.Debug|x86.Build.0 = Debug|Win32
		{85781467-F35F-4BD5-B5E6-018BBEE7AD1A}.Release|x64.ActiveCfg = Release|x64
		{85781467-F35F-4BD5-B5E6-018BBEE7AD1A}.Release|x64.Build.0 = Release|x64
		{85781467-F35F-4BD5-B5E6-018BBEE7AD1A}.Release|x86.ActiveCfg = Release|Win32
		{85781467-F35F-4BD5-B5E6-018BBEE7AD1A}.Release|x86.Build.0 = Release|Win32
		{9E8360CA-CA04-4878-A96D-48690E3C9745}.Debug|x64.ActiveCfg = Debug|x64
		{9E8360CA-CA04-4878-A96D-48690E3C9745}.Debug|x64.Build.0 = Debug|x64
		{9E8360CA-CA04-4878-A96D-48690E3C9745}.Debug|x86.ActiveCfg = Debug|Win32
		{9E8360CA-CA04-4878-A96D-48690E3C9745}.Debug|x86.Build.0 = Debug|Win32
		{9E8360CA-CA04-4878-A96D-48690E3C9745}.Release|x64.ActiveCfg = Release|x64
		{9E8360CA-CA04-4878-A96D-48690E3C9745}.Release|x64.Build.0 = Release|x64
		{9E8360CA-CA04-4878-A96D-48690E3C9745}.Release|x86.ActiveCfg = Release|Win32
		{9E8360CA-CA04-4878-A96D-48690E3C9745}.Release|x86.Build.0 = Release|Win32
		{4C66D50A-B92C-417C-8343-79CD6579C92A}.Debug|x64.ActiveCfg = Debug|x64
		{4C66D50A-B92C-417C-8343-79CD6579C92A}.Debug|x64.Build.0 = Debug|x64
		{4C66D50A-B92C-417C-8343-79CD6579C92A}.Debug|x86.ActiveCfg = Debug|Win32
		{4C66D50A-B92C-417C-8343-79CD6579C92A}.Debug|x86.Build.0 = Debug|Win32
		{4C66D50A-B92C-417C-8343-79CD6579C92A}.Release|x64.ActiveCfg = Release|x64
		{4C66D50A-B92C-417C-8343-79CD6579C92A}.Release|x64.Build.0 = Release|x64
		{4C66D50A-B92C-417C-8343-79CD6579C92A}.Release|x86.ActiveCfg = Release|Win32
		{4C66D50A-B92C-417C-8343-79CD6579C92A}.Release|x86.Build.0 = Release|Win32
		{8C343813-D9B8-4496-A1C9-75F17BEEBC51}.Debug|x64.ActiveCfg = Debug|x64
		{8C343813-D9B8-4496-A1C9-75F17BEEBC51}.Debug|x64.Build.0 = Debug|x64
		{8C343813-D9B8-4496-A1C9-75F17BEEBC51}.Debug|x86.ActiveCfg = Debug|Win32
		{8C343813-D9B8-4496-A1C9-75F17BEEBC51}.Debug|x86.Build.0 = Debug|Win32
		{8C343813-D9B8-4496-A1C9-75F17BEEBC51}.Release|x64.ActiveCfg = Release|x64
		{8C343813-D9B8-4496-A1C9-75F17BEEBC51}.Release|x64.Build.0 = Release|x64
		{8C343813-D9B8-4496-A1C9-75F17BEEBC51}.Release|x86.ActiveCfg = Release|Win32
		{8C343813-D9B8-4496-A1C9-75F17BEEBC51}.Release|x86.Build.0 = Release|Win32
		{9D0612A6-CCFE-4909-8E2E-DB8F31B9CAC1}.Debug|x64.ActiveCfg = Debug|x64
		{9D0612A6-CCFE-4909-8E2E-DB8F31B9CAC1}.Debug|x64.Build.0 = Debug|x64
		{9D0612A6-CCFE-4909-8E2E-DB8F31B9CAC1}.Debug|x86.ActiveCfg = Debug|Win32
		{9D0612A6-CCFE-4909-8E2E-DB8F31B9CAC1}.Debug|x86.Build.0 = Debug|Win32
		{9D0612A6-CCFE-4909-8E2E-DB8F31B9CAC1}.Release|x64.ActiveCfg = Release|x64
		{9D0612A6-CCFE-4909-8E2E-DB8F31B9CAC1}.Release|x64.Build.0 = Release|x64
		{9D0612A6-CCFE-4909-8E2E-DB8F31B9CAC1}.Release|x86.ActiveCfg = Release|Win32
		{9D0612A6-CCFE-4909-8E2E-DB8F31B9CAC1}.Release|x86.Build.0 = Release|Win32
		{56361F93-E122-44AD-83A2-4F3963B62E3E}.Debug|x64.ActiveCfg = Debug|x64
		{56361F93-E122-44AD-83A2-4F3963B62E3E}.Debug|x64.Build.0 = Debug|x64
		{56361F93-E122-44AD-83A2-4F3963B62E3E}.Debug|x86.ActiveCfg = Debug|Win32
		{56361F93-E122-44AD-83A2-4F3963B62E3E}.Debug|x86.Build.0 = Debug|Win32
		{56361F93-E122-44AD-83A2-4F3963B62E3E}.Release|x64.ActiveCfg = Release|x64
		{56361F93-E122-44AD-83A2-4F3963B62E3E}.Release|x64.Build.0 = Release|x64
		{56361F93-E122-44AD-83A2-4F3963B62E3E}.Release|x86.ActiveCfg = Release|Win32
		{56361F93-E122-44AD-83A2-4F3963B62E3E}.Release|x86.Build.0 = Release|Win32
		{6CFC89C5-35D2-493A-AFB5-5BF823B2CDD1}.Debug|x64.ActiveCfg = Debug|x64
		{6CFC89C5-35D2-493A-AFB5-5BF823B2CDD1}.Debug|x64.Build.0 = Debug|x64
		{6CFC89C5-35D2-493A-AFB5-5BF823B2CDD1}.Debug|x86.ActiveCfg = Debug|Win32
		{6CFC89C5-35D2-493A-AFB5-5BF823B2CDD1}.Debug|x86.Build.0 = Debug|Win32
		{6CFC89C5-35D2-493A-AFB5-5BF823B2CDD1}.Release|x64.ActiveCfg = Release|x64
		{6CFC89C5-35D2-493A-AFB5-5BF823B2CDD1}.Release|x64.Build.0 = Release|x64
		{6CFC89C5-35D2-493A-AFB5-5BF823B2CDD1}.Release|x86.ActiveCfg = Release|Win32
		{6CFC89C5-35D2-493A-AFB5-5BF823B2CDD1}.Release|x86.Build.0 = Release|Win32
		{597FDDFE-62BE-4FCA-B091-3783B5272F8D}.Debug|x64.ActiveCfg = Debug|x64
		{597FDDFE-62BE-4FCA-B091-3783B5272F8D}.Debug|x64.Build.0 = Debug|x64
		{597FDDFE-62BE-4FCA-B091-3783B5272F8D}.Debug|x86.ActiveCfg = Debug|Win32
		{597FDDFE-62BE-4FCA-B091-3783B5272F8D}.Debug|x86.Build.0 = Debug|Win32
		{597FDDFE-62BE-4FCA-B091-3783B5272F8D}.Release|x64.ActiveCfg = Release|x64
		{597FDDFE-62BE-4FCA-B091-3783B5272F8D}.Release|x64.Build.0 = Release|x64
		{597FDDFE-62BE-4FCA-B091-3783B5272F8D}.Release|x86.ActiveCfg = Release|Win32
		{597FDDFE-62BE-4FCA-B091-3783B5272F8D}.Release|x86.Build.0 = Release|Win32
		{FB1FE280-D920-4856-80C3-7038339B9486}.Debug|x64.ActiveCfg = Debug|x64
		{FB1FE280-D920-4856-80C3-7038339B9486}.Debug|x64.Build.0 = Debug|x64
		{FB1FE280-D920-4856-80C3-7038339B9486}.Debug|x86.ActiveCfg = Debug|Win32
		{FB1FE280-D920-4856-80C3-7038339B9486}.Debug|x86.Build.0 = Debug|Win32
		{FB1FE280-D920-4856-80C3-7038339B9486}.Release|x64.ActiveCfg = Release|x64
		{FB1FE280-D920-4856-80C3-7038339B9486}.Release|x64.Build.0 = Release|x64
		{FB1FE280-D920-4856-80C3-7038339B9486}.Release|x86.ActiveCfg = Release|Win32
		{FB1FE280-D920-4856-80C3-7038339B9486}.Release|x86.Build.0 = Release|Win32
		{E4E0E3B2-CA21-4B2C-AAD3-AB2860492B5C}.Debug|x64.ActiveCfg = Debug|x64
		{E4E0E3B2-CA21-4B2C-AAD3-AB2860492B5C}.Debug|x64.Build.0 = Debug|x64
		{E4E0E3B2-CA21-4B2C-AAD3-AB2860492B5C}.Debug|x86.ActiveCfg = Debug|Win32
		{E4E0E3B2-CA21-4B2C-AAD3-AB2860492B5C}.Debug|x86.Build.0 = Debug|Win32
		{E4E0E3B2-CA21-4B2C-AAD3-AB2860492B5C}.Release|x64.ActiveCfg = Release|x64
		{E4E0E3B2-CA21-4B2C-AAD3-AB2860492B5C}.Release|x64.Build.0 = Release|x64
		{E4E0E3B2-CA21-4B2C-AAD3-AB2860492B5C}.Release|x86.ActiveCfg = Release|Win32
		{E4E0E3B2-CA21-4B2C-AAD3-AB2860492B5C}.Release|x86.Build.0 = Release|Win32
		{1111E936-F692-4EBD-BADB-F51C75ECF3C7}.Debug|x64.ActiveCfg = Debug|x64
		{1111E936-F692-4EBD-BADB-F51C75ECF3C7}.Debug|x64.Build.0 = Debug|x64
		{1111E936-F692-4EBD-BADB-F51C75ECF3C7}.Debug|x86.ActiveCfg = Debug|Win32
		{1111E936-F692-4EBD-BADB-F51C75ECF3C7}.Debug|x86.Build.0 = Debug|Win32
		{1111E936-F692-4EBD-BADB-F51C75ECF3C7}.Release|x64.ActiveCfg = Release|x64
		{1111E936-F692-4EBD-BADB-F51C75ECF3C7}.Release|x64.Build.0 = Release|x64
		{1111E936-F692-4EBD-BADB-F51C75ECF3C7}.Release|x86.ActiveCfg = Release|Win32
		{1111E936-F692-4EBD-BADB-F51C75ECF3C7}.Release|x86.Build.0 = Release|Win32
		{C1EF7E5F-B5E1-48EF-83BB-F1FA571821E6}.Debug|x64.ActiveCfg = Debug|x64
		{C1EF7E5F-B5E1-48EF-83BB-F1FA571821E6}.Debug|x64.Build.0 = Debug|x64
		{C1EF7E5F-B5E1-48EF-83BB-F1FA571821E6}.Debug|x86.ActiveCfg = Debug|Win32
		{C1EF7E5F-B5E1-48EF-83BB-F1FA571821E6}.Debug|x86.Build.0 = Debug|Win32
		{C1EF7E5F-B5E1-48EF-83BB-F1FA571821E6}.Release|x64.ActiveCfg = Release|x64
		{C1EF7E5F-B5E1-48EF-83BB-F1FA571821E6}.Release|x64.Build.0 = Release|x64
		{C1EF7E5F-B5E1-48EF-83BB-F1FA571821E6}.Release|x86.ActiveCfg = Release|Win32
		{C1EF7E5F-B5E1-48EF-83BB-F1FA571821E6}.Release|x86.Build.0 = Release|Win32
		{FE596D41-18FE-4C7B-8EE7-B87476A6EACB}.Debug|x64.ActiveCfg = Debug|x64
		{FE596D41-18FE-4C7B-8EE7-B87476A6EACB}.Debug|x64.Build.0 = Debug|x64
		{FE596D41-18FE-4C7B-8EE7-B87476A6EACB}.Debug|x86.ActiveCfg = Debug|Win32
		{FE596D41-18FE-4C7B-8EE7-B87476A6EACB}.Debug|x86.Build.0 = Debug|Win32
		{FE596D41-18FE-4C7B-8EE7-B87476A6EACB}.Release|x64.ActiveCfg = Release|x64
		{FE596D41-18FE-4C7B-8EE7-B87476A6EACB}.Release|x64.Build.0 = Release|x64
		{FE596D41-18FE-4C7B-8EE7-B87476A6EACB}.Release|x86.ActiveCfg = Release|Win32
		{FE596D41-18FE-4C7B-8EE7-B87476A6EACB}.Release|x86.Build.0 = Release|Win32
		{8A9DF256-7E03-42A0-B0FE-B7DA1833625D}.Debug|x64.ActiveCfg = Debug|x64
		{8A9DF256-7E03-42A0-B0FE-B7DA1833625D}.Debug|x64.Build.0 = Debug|x64
		{8A9DF256-7E03-42A0-B0FE-B7DA1833625D}.Debug|x86.ActiveCfg = Debug|Win32
		{8A9DF256-7E03-42A0-B0FE-B7DA1833625D}.Debug|x86.Build.0 = Debug|Win32
		{8A9DF256-7E03-42A0-B0FE-B7DA1833625D}.Release|x64.ActiveCfg = Release|x64
		{8A9DF256-7E03-42A0-B0FE-B7DA1833625D}.Release|x64.Build.0 = Release|x64
		{8A9DF256-7E03-42A0-B0FE-B7DA1833625D}.Release|x86.ActiveCfg = Release|Win32
		{8A9DF256-7E03-42A0-B0FE-B7DA1833625D}.Release|x86.Build.0 = Release|Win32
		{75242B6B-007C-40AD-A8C5-C00FE667922C}.Debug|x64.ActiveCfg = Debug|x64
		{75242B6B-007C-40AD-A8C5-C00FE667922C}.Debug|x64.Build.0 = Debug|x64
		{75242B6B-007C-40AD-A8C5-C00FE667922C}.Debug|x86.ActiveCfg = Debug|Win32
		{75242B6B-007C-40AD-A8C5-C00FE667922C}.Debug|x86.Build.0 = Debug|Win32
		{75242B6B-007C-40AD-A8C5-C00FE667922C}.Release|x64.ActiveCfg = Release|x64
		{75242B6B-007C-40AD-A8C5-C00FE667922C}.Release|x64.Build.0 = Release|x64
		{75242B6B-007C-40AD-A8C5-C00FE667922C}.Release|x86.ActiveCfg = Release|Win32
		{75242B6B-007C-40AD-A8C5-C00FE667922C}.Release|x86.Build.0 = Release|Win32
		{FFAF1234-792E-45B2-9A1E-7EDE8853702F}.Debug|x64.ActiveCfg = Debug|x64
		{FFAF1234-792E-45B2-9A1E-7EDE8853702F}.Debug|x64.Build.0 = Debug|x64
		{FFAF1234-792E-45B2-9A1E-7EDE8853702F}.Debug|x86.ActiveCfg = Debug|Win32
		{FFAF1234-792E-45B2-9A1E-7EDE8853702F}.Debug|x86.Build.0 = Debug|Win32
		{FFAF1234-792E-45B2-9A1E-7EDE8853702F}.Release|x64.ActiveCfg = Release|x64
		{FFAF1234-792E-45B2-9A1E-7EDE8853702F}.Release|x64.Build.0 = Release|x64
		{FFAF1234-792E-45B2-9A1E-7EDE8853702F}.Release|x86.ActiveCfg = Release|Win32
		{FFAF1234-792E-45B2-9A1E-7EDE8853702F}.Release|x86.Build.0 = Release|Win32
		{745206EE-D190-4C4E-9EE6-E997C116A450}.Debug|x64.ActiveCfg = Debug|x64
		{745206EE-D190-4C4E-9EE6-E997C116A450}.Debug|x64.Build.0 = Debug|x64
		{745206EE-D190-4C4E-9EE6-E997C116A450}.Debug|x86.ActiveCfg = Debug|Win32
		{745206EE-D190-4C4E-9EE6-E997C116A450}.Debug|x86.Build.0 = Debug|Win32
		{745206EE-D190-4C4E-9EE6-E997C116A450}.Release|x64.ActiveCfg = Release|x64
		{745206EE-D190-4C4E-9EE6-E997C116A450}.Release|x64.Build.0 = Release|x64
		{745206EE-D190-4C4E-9EE6-E997C116A450}.Release|x86.ActiveCfg = Release|Win32
		{745206EE-D190-4C4E-9EE6-E997C116A450}.Release|x86.Build.0 = Release|Win32
		{BF7A11A7-981E-415E-8A66-7D3D2C73ACF1}.Debug|x64.ActiveCfg = Debug|x64
		{BF7A11A7-981E-415E-8A66-7D3D2C73ACF1}.Debug|x64.Build.0 = Debug|x64
		{BF7A11A7-981E-415E-8A66-7D3D2C73ACF1}.Debug|x86.ActiveCfg = Debug|Win32
		{BF7A11A7-981E-415E-8A66-7D3D2C73ACF1}.Debug|x86.Build.0 = Debug|Win32
		{BF7A11A7-981E-415E-8A66-7D3D2C73ACF1}.Release|x64.ActiveCfg = Release|x64
		{BF7A11A7-981E-415E-8A66-7D3D2C73ACF1}.Release|x64.Build.0 = Release|x64
		{BF7A11A7-981E-415E-8A66-7D3D2C73ACF1}.Release|x86.ActiveCfg = Release|Win32
		{BF7A11A7-981E-415E-8A66-7D3D2C73ACF1}.Release|x86.Build.0 = Release|Win32
		{34A97F0E-07B5-44C5-B1FC-17941A4FFE29}.Debug|x64.ActiveCfg = Debug|x64
		{34A97F0E-07B5-44C5-B1FC-17941A4FFE29}.Debug|x64.Build.0 = Debug|x64
		{34A97F0E-07B5-44C5-B1FC-17941A4FFE29}.Debug|x86.ActiveCfg = Debug|Win32
		{34A97F0E-07B5-44C5-B1FC-17941A4FFE29}.Debug|x86.Build.0 = Debug|Win32
		{34A97F0E-07B5-44C5-B1FC-17941A4FFE29}.Release|x64.ActiveCfg = Release|x64
		{34A97F0E-07B5-44C5-B1FC-17941A4FFE29}.Release|x64.Build.0 = Release|x64
		{34A97F0E-07B5-44C5-B1FC-17941A4FFE29}.Release|x86.ActiveCfg = Release|Win32
		{34A97F0E-07B5-44C5-B1FC-17941A4FFE29}.Release|x86.Build.0 = Release|Win32
	EndGlobalSection
	GlobalSection(SolutionProperties) = preSolution
		HideSolutionNode = FALSE
	EndGlobalSection
	GlobalSection(NestedProjects) = preSolution
		{18C6A58A-F088-455B-96C4-12B497CF9FE5} = {386FE632-A1DB-429E-870F-1E88133968F4}
		{85781467-F35F-4BD5-B5E6-018BBEE7AD1A} = {386FE632-A1DB-429E-870F-1E88133968F4}
		{9E8360CA-CA04-4878-A96D-48690E3C9745} = {386FE632-A1DB-429E-870F-1E88133968F4}
		{4C66D50A-B92C-417C-8343-79CD6579C92A} = {4E87744D-5AAE-4F20-9F21-8347B3F01098}
		{8C343813-D9B8-4496-A1C9-75F17BEEBC51} = {4E87744D-5AAE-4F20-9F21-8347B3F01098}
		{9D0612A6-CCFE-4909-8E2E-DB8F31B9CAC1} = {4E87744D-5AAE-4F20-9F21-8347B3F01098}
		{56361F93-E122-44AD-83A2-4F3963B62E3E} = {5481D4CD-1570-4371-9EDF-964069937B46}
		{6CFC89C5-35D2-493A-AFB5-5BF823B2CDD1} = {5481D4CD-1570-4371-9EDF-964069937B46}
		{597FDDFE-62BE-4FCA-B091-3783B5272F8D} = {5481D4CD-1570-4371-9EDF-964069937B46}
		{FB1FE280-D920-4856-80C3-7038339B9486} = {B11CCDCF-6A3B-433B-B101-5715BE54D7AE}
		{E4E0E3B2-CA21-4B2C-AAD3-AB2860492B5C} = {B11CCDCF-6A3B-433B-B101-5715BE54D7AE}
		{1111E936-F692-4EBD-BADB-F51C75ECF3C7} = {B11CCDCF-6A3B-433B-B101-5715BE54D7AE}
		{C1EF7E5F-B5E1-48EF-83BB-F1FA571821E6} = {EA0DB00D-4668-48D5-A7EA-8C9F95E3C43A}
		{FE596D41-18FE-4C7B-8EE7-B87476A6EACB} = {EA0DB00D-4668-48D5-A7EA-8C9F95E3C43A}
		{8A9DF256-7E03-42A0-B0FE-B7DA1833625D} = {EA0DB00D-4668-48D5-A7EA-8C9F95E3C43A}
		{75242B6B-007C-40AD-A8C5-C00FE667922C} = {5C254CE6-D593-4430-961A-939DEE03ED63}
		{FFAF1234-792E-45B2-9A1E-7EDE8853702F} = {5C254CE6-D593-4430-961A-939DEE03ED63}
		{745206EE-D190-4C4E-9EE6-E997C116A450} = {5C254CE6-D593-4430-961A-939DEE03ED63}
		{BF7A11A7-981E-415E-8A66-7D3D2C73ACF1} = {FB8131F2-513E-4E2A-A2BF-CDFB471DA7A0}
		{34A97F0E-07B5-44C5-B1FC-17941A4FFE29} = {B3665DFE-CAC4-4231-AC46-3DCD7E915230}
	EndGlobalSection
	GlobalSection(ExtensibilityGlobals) = postSolution
		SolutionGuid = {0E78D553-0E99-458B-A548-3060A28B55D4}
	EndGlobalSection
EndGlobal
